// !$*UTF8*$!
{
	archiveVersion = 1;
	classes = {
	};
	objectVersion = 48;
	objects = {

/* Begin PBXBuildFile section */
		495B6C28202A414A0024CDFB /* AppDelegate.swift in Sources */ = {isa = PBXBuildFile; fileRef = 495B6C27202A414A0024CDFB /* AppDelegate.swift */; };
		495B6C2A202A414A0024CDFB /* MasterViewController.swift in Sources */ = {isa = PBXBuildFile; fileRef = 495B6C29202A414A0024CDFB /* MasterViewController.swift */; };
		495B6C2C202A414A0024CDFB /* DetailViewController.swift in Sources */ = {isa = PBXBuildFile; fileRef = 495B6C2B202A414A0024CDFB /* DetailViewController.swift */; };
		495B6C2F202A414A0024CDFB /* Main.storyboard in Resources */ = {isa = PBXBuildFile; fileRef = 495B6C2D202A414A0024CDFB /* Main.storyboard */; };
		495B6C31202A414A0024CDFB /* Assets.xcassets in Resources */ = {isa = PBXBuildFile; fileRef = 495B6C30202A414A0024CDFB /* Assets.xcassets */; };
		495B6C34202A414A0024CDFB /* LaunchScreen.storyboard in Resources */ = {isa = PBXBuildFile; fileRef = 495B6C32202A414A0024CDFB /* LaunchScreen.storyboard */; };
		495B6C3F202A414A0024CDFB /* FeaturesDemoTests.swift in Sources */ = {isa = PBXBuildFile; fileRef = 495B6C3E202A414A0024CDFB /* FeaturesDemoTests.swift */; };
/* End PBXBuildFile section */

/* Begin PBXContainerItemProxy section */
		495B6C3B202A414A0024CDFB /* PBXContainerItemProxy */ = {
			isa = PBXContainerItemProxy;
			containerPortal = 495B6C1C202A414A0024CDFB /* Project object */;
			proxyType = 1;
			remoteGlobalIDString = 495B6C23202A414A0024CDFB;
			remoteInfo = FeaturesDemo;
		};
/* End PBXContainerItemProxy section */

/* Begin PBXFileReference section */
		495B6C24202A414A0024CDFB /* FeaturesDemo.app */ = {isa = PBXFileReference; explicitFileType = wrapper.application; includeInIndex = 0; path = FeaturesDemo.app; sourceTree = BUILT_PRODUCTS_DIR; };
		495B6C27202A414A0024CDFB /* AppDelegate.swift */ = {isa = PBXFileReference; lastKnownFileType = sourcecode.swift; path = AppDelegate.swift; sourceTree = "<group>"; };
		495B6C29202A414A0024CDFB /* MasterViewController.swift */ = {isa = PBXFileReference; lastKnownFileType = sourcecode.swift; path = MasterViewController.swift; sourceTree = "<group>"; };
		495B6C2B202A414A0024CDFB /* DetailViewController.swift */ = {isa = PBXFileReference; lastKnownFileType = sourcecode.swift; path = DetailViewController.swift; sourceTree = "<group>"; };
		495B6C2E202A414A0024CDFB /* Base */ = {isa = PBXFileReference; lastKnownFileType = file.storyboard; name = Base; path = Base.lproj/Main.storyboard; sourceTree = "<group>"; };
		495B6C30202A414A0024CDFB /* Assets.xcassets */ = {isa = PBXFileReference; lastKnownFileType = folder.assetcatalog; path = Assets.xcassets; sourceTree = "<group>"; };
		495B6C33202A414A0024CDFB /* Base */ = {isa = PBXFileReference; lastKnownFileType = file.storyboard; name = Base; path = Base.lproj/LaunchScreen.storyboard; sourceTree = "<group>"; };
		495B6C35202A414A0024CDFB /* Info.plist */ = {isa = PBXFileReference; lastKnownFileType = text.plist.xml; path = Info.plist; sourceTree = "<group>"; };
		495B6C3A202A414A0024CDFB /* FeaturesDemoTests.xctest */ = {isa = PBXFileReference; explicitFileType = wrapper.cfbundle; includeInIndex = 0; path = FeaturesDemoTests.xctest; sourceTree = BUILT_PRODUCTS_DIR; };
		495B6C3E202A414A0024CDFB /* FeaturesDemoTests.swift */ = {isa = PBXFileReference; lastKnownFileType = sourcecode.swift; path = FeaturesDemoTests.swift; sourceTree = "<group>"; };
		495B6C40202A414A0024CDFB /* Info.plist */ = {isa = PBXFileReference; lastKnownFileType = text.plist.xml; path = Info.plist; sourceTree = "<group>"; };
/* End PBXFileReference section */

/* Begin PBXFrameworksBuildPhase section */
		495B6C21202A414A0024CDFB /* Frameworks */ = {
			isa = PBXFrameworksBuildPhase;
			buildActionMask = 2147483647;
			files = (
			);
			runOnlyForDeploymentPostprocessing = 0;
		};
		495B6C37202A414A0024CDFB /* Frameworks */ = {
			isa = PBXFrameworksBuildPhase;
			buildActionMask = 2147483647;
			files = (
			);
			runOnlyForDeploymentPostprocessing = 0;
		};
/* End PBXFrameworksBuildPhase section */

/* Begin PBXGroup section */
		495B6C1B202A414A0024CDFB = {
			isa = PBXGroup;
			children = (
				495B6C26202A414A0024CDFB /* FeaturesDemo */,
				495B6C3D202A414A0024CDFB /* FeaturesDemoTests */,
				495B6C25202A414A0024CDFB /* Products */,
			);
			sourceTree = "<group>";
		};
		495B6C25202A414A0024CDFB /* Products */ = {
			isa = PBXGroup;
			children = (
				495B6C24202A414A0024CDFB /* FeaturesDemo.app */,
				495B6C3A202A414A0024CDFB /* FeaturesDemoTests.xctest */,
			);
			name = Products;
			sourceTree = "<group>";
		};
		495B6C26202A414A0024CDFB /* FeaturesDemo */ = {
			isa = PBXGroup;
			children = (
				495B6C27202A414A0024CDFB /* AppDelegate.swift */,
				495B6C29202A414A0024CDFB /* MasterViewController.swift */,
				495B6C2B202A414A0024CDFB /* DetailViewController.swift */,
				495B6C2D202A414A0024CDFB /* Main.storyboard */,
				495B6C30202A414A0024CDFB /* Assets.xcassets */,
				495B6C32202A414A0024CDFB /* LaunchScreen.storyboard */,
				495B6C35202A414A0024CDFB /* Info.plist */,
			);
			path = FeaturesDemo;
			sourceTree = "<group>";
		};
		495B6C3D202A414A0024CDFB /* FeaturesDemoTests */ = {
			isa = PBXGroup;
			children = (
				495B6C3E202A414A0024CDFB /* FeaturesDemoTests.swift */,
				495B6C40202A414A0024CDFB /* Info.plist */,
			);
			path = FeaturesDemoTests;
			sourceTree = "<group>";
		};
/* End PBXGroup section */

/* Begin PBXNativeTarget section */
		495B6C23202A414A0024CDFB /* FeaturesDemo */ = {
			isa = PBXNativeTarget;
			buildConfigurationList = 495B6C43202A414A0024CDFB /* Build configuration list for PBXNativeTarget "FeaturesDemo" */;
			buildPhases = (
				495B6C20202A414A0024CDFB /* Sources */,
				495B6C21202A414A0024CDFB /* Frameworks */,
				495B6C22202A414A0024CDFB /* Resources */,
			);
			buildRules = (
			);
			dependencies = (
			);
			name = FeaturesDemo;
			productName = FeaturesDemo;
			productReference = 495B6C24202A414A0024CDFB /* FeaturesDemo.app */;
			productType = "com.apple.product-type.application";
		};
		495B6C39202A414A0024CDFB /* FeaturesDemoTests */ = {
			isa = PBXNativeTarget;
			buildConfigurationList = 495B6C46202A414A0024CDFB /* Build configuration list for PBXNativeTarget "FeaturesDemoTests" */;
			buildPhases = (
				495B6C36202A414A0024CDFB /* Sources */,
				495B6C37202A414A0024CDFB /* Frameworks */,
				495B6C38202A414A0024CDFB /* Resources */,
			);
			buildRules = (
			);
			dependencies = (
				495B6C3C202A414A0024CDFB /* PBXTargetDependency */,
			);
			name = FeaturesDemoTests;
			productName = FeaturesDemoTests;
			productReference = 495B6C3A202A414A0024CDFB /* FeaturesDemoTests.xctest */;
			productType = "com.apple.product-type.bundle.unit-test";
		};
/* End PBXNativeTarget section */

/* Begin PBXProject section */
		495B6C1C202A414A0024CDFB /* Project object */ = {
			isa = PBXProject;
			attributes = {
				LastSwiftUpdateCheck = 0920;
				LastUpgradeCheck = 0920;
				ORGANIZATIONNAME = "Montana Floss Co. Ltd.";
				TargetAttributes = {
					495B6C23202A414A0024CDFB = {
						CreatedOnToolsVersion = 9.2;
						ProvisioningStyle = Automatic;
					};
					495B6C39202A414A0024CDFB = {
						CreatedOnToolsVersion = 9.2;
						ProvisioningStyle = Automatic;
						TestTargetID = 495B6C23202A414A0024CDFB;
					};
				};
			};
			buildConfigurationList = 495B6C1F202A414A0024CDFB /* Build configuration list for PBXProject "FeaturesDemo" */;
			compatibilityVersion = "Xcode 8.0";
			developmentRegion = en;
			hasScannedForEncodings = 0;
			knownRegions = (
				en,
				Base,
			);
			mainGroup = 495B6C1B202A414A0024CDFB;
			productRefGroup = 495B6C25202A414A0024CDFB /* Products */;
			projectDirPath = "";
			projectRoot = "";
			targets = (
				495B6C23202A414A0024CDFB /* FeaturesDemo */,
				495B6C39202A414A0024CDFB /* FeaturesDemoTests */,
			);
		};
/* End PBXProject section */

/* Begin PBXResourcesBuildPhase section */
		495B6C22202A414A0024CDFB /* Resources */ = {
			isa = PBXResourcesBuildPhase;
			buildActionMask = 2147483647;
			files = (
				495B6C34202A414A0024CDFB /* LaunchScreen.storyboard in Resources */,
				495B6C31202A414A0024CDFB /* Assets.xcassets in Resources */,
				495B6C2F202A414A0024CDFB /* Main.storyboard in Resources */,
			);
			runOnlyForDeploymentPostprocessing = 0;
		};
		495B6C38202A414A0024CDFB /* Resources */ = {
			isa = PBXResourcesBuildPhase;
			buildActionMask = 2147483647;
			files = (
			);
			runOnlyForDeploymentPostprocessing = 0;
		};
/* End PBXResourcesBuildPhase section */

/* Begin PBXSourcesBuildPhase section */
		495B6C20202A414A0024CDFB /* Sources */ = {
			isa = PBXSourcesBuildPhase;
			buildActionMask = 2147483647;
			files = (
				495B6C2C202A414A0024CDFB /* DetailViewController.swift in Sources */,
				495B6C2A202A414A0024CDFB /* MasterViewController.swift in Sources */,
				495B6C28202A414A0024CDFB /* AppDelegate.swift in Sources */,
			);
			runOnlyForDeploymentPostprocessing = 0;
		};
		495B6C36202A414A0024CDFB /* Sources */ = {
			isa = PBXSourcesBuildPhase;
			buildActionMask = 2147483647;
			files = (
				495B6C3F202A414A0024CDFB /* FeaturesDemoTests.swift in Sources */,
			);
			runOnlyForDeploymentPostprocessing = 0;
		};
/* End PBXSourcesBuildPhase section */

/* Begin PBXTargetDependency section */
		495B6C3C202A414A0024CDFB /* PBXTargetDependency */ = {
			isa = PBXTargetDependency;
			target = 495B6C23202A414A0024CDFB /* FeaturesDemo */;
			targetProxy = 495B6C3B202A414A0024CDFB /* PBXContainerItemProxy */;
		};
/* End PBXTargetDependency section */

/* Begin PBXVariantGroup section */
		495B6C2D202A414A0024CDFB /* Main.storyboard */ = {
			isa = PBXVariantGroup;
			children = (
				495B6C2E202A414A0024CDFB /* Base */,
			);
			name = Main.storyboard;
			sourceTree = "<group>";
		};
		495B6C32202A414A0024CDFB /* LaunchScreen.storyboard */ = {
			isa = PBXVariantGroup;
			children = (
				495B6C33202A414A0024CDFB /* Base */,
			);
			name = LaunchScreen.storyboard;
			sourceTree = "<group>";
		};
/* End PBXVariantGroup section */

/* Begin XCBuildConfiguration section */
		495B6C41202A414A0024CDFB /* Debug */ = {
			isa = XCBuildConfiguration;
			buildSettings = {
				ALWAYS_SEARCH_USER_PATHS = NO;
				CLANG_ANALYZER_NONNULL = YES;
				CLANG_ANALYZER_NUMBER_OBJECT_CONVERSION = YES_AGGRESSIVE;
				CLANG_CXX_LANGUAGE_STANDARD = "gnu++14";
				CLANG_CXX_LIBRARY = "libc++";
				CLANG_ENABLE_MODULES = YES;
				CLANG_ENABLE_OBJC_ARC = YES;
				CLANG_WARN_BLOCK_CAPTURE_AUTORELEASING = YES;
				CLANG_WARN_BOOL_CONVERSION = YES;
				CLANG_WARN_COMMA = YES;
				CLANG_WARN_CONSTANT_CONVERSION = YES;
				CLANG_WARN_DIRECT_OBJC_ISA_USAGE = YES_ERROR;
				CLANG_WARN_DOCUMENTATION_COMMENTS = YES;
				CLANG_WARN_EMPTY_BODY = YES;
				CLANG_WARN_ENUM_CONVERSION = YES;
				CLANG_WARN_INFINITE_RECURSION = YES;
				CLANG_WARN_INT_CONVERSION = YES;
				CLANG_WARN_NON_LITERAL_NULL_CONVERSION = YES;
				CLANG_WARN_OBJC_LITERAL_CONVERSION = YES;
				CLANG_WARN_OBJC_ROOT_CLASS = YES_ERROR;
				CLANG_WARN_RANGE_LOOP_ANALYSIS = YES;
				CLANG_WARN_STRICT_PROTOTYPES = YES;
				CLANG_WARN_SUSPICIOUS_MOVE = YES;
				CLANG_WARN_UNGUARDED_AVAILABILITY = YES_AGGRESSIVE;
				CLANG_WARN_UNREACHABLE_CODE = YES;
				CLANG_WARN__DUPLICATE_METHOD_MATCH = YES;
				CODE_SIGN_IDENTITY = "iPhone Developer";
				COPY_PHASE_STRIP = NO;
				DEBUG_INFORMATION_FORMAT = dwarf;
				ENABLE_STRICT_OBJC_MSGSEND = YES;
				ENABLE_TESTABILITY = YES;
				GCC_C_LANGUAGE_STANDARD = gnu11;
				GCC_DYNAMIC_NO_PIC = NO;
				GCC_NO_COMMON_BLOCKS = YES;
				GCC_OPTIMIZATION_LEVEL = 0;
				GCC_PREPROCESSOR_DEFINITIONS = (
					"DEBUG=1",
					"$(inherited)",
				);
				GCC_WARN_64_TO_32_BIT_CONVERSION = YES;
				GCC_WARN_ABOUT_RETURN_TYPE = YES_ERROR;
				GCC_WARN_UNDECLARED_SELECTOR = YES;
				GCC_WARN_UNINITIALIZED_AUTOS = YES_AGGRESSIVE;
				GCC_WARN_UNUSED_FUNCTION = YES;
				GCC_WARN_UNUSED_VARIABLE = YES;
				IPHONEOS_DEPLOYMENT_TARGET = 11.2;
				MTL_ENABLE_DEBUG_INFO = YES;
				ONLY_ACTIVE_ARCH = YES;
				SDKROOT = iphoneos;
				SWIFT_ACTIVE_COMPILATION_CONDITIONS = DEBUG;
				SWIFT_OPTIMIZATION_LEVEL = "-Onone";
			};
			name = Debug;
		};
		495B6C42202A414A0024CDFB /* Release */ = {
			isa = XCBuildConfiguration;
			buildSettings = {
				ALWAYS_SEARCH_USER_PATHS = NO;
				CLANG_ANALYZER_NONNULL = YES;
				CLANG_ANALYZER_NUMBER_OBJECT_CONVERSION = YES_AGGRESSIVE;
				CLANG_CXX_LANGUAGE_STANDARD = "gnu++14";
				CLANG_CXX_LIBRARY = "libc++";
				CLANG_ENABLE_MODULES = YES;
				CLANG_ENABLE_OBJC_ARC = YES;
				CLANG_WARN_BLOCK_CAPTURE_AUTORELEASING = YES;
				CLANG_WARN_BOOL_CONVERSION = YES;
				CLANG_WARN_COMMA = YES;
				CLANG_WARN_CONSTANT_CONVERSION = YES;
				CLANG_WARN_DIRECT_OBJC_ISA_USAGE = YES_ERROR;
				CLANG_WARN_DOCUMENTATION_COMMENTS = YES;
				CLANG_WARN_EMPTY_BODY = YES;
				CLANG_WARN_ENUM_CONVERSION = YES;
				CLANG_WARN_INFINITE_RECURSION = YES;
				CLANG_WARN_INT_CONVERSION = YES;
				CLANG_WARN_NON_LITERAL_NULL_CONVERSION = YES;
				CLANG_WARN_OBJC_LITERAL_CONVERSION = YES;
				CLANG_WARN_OBJC_ROOT_CLASS = YES_ERROR;
				CLANG_WARN_RANGE_LOOP_ANALYSIS = YES;
				CLANG_WARN_STRICT_PROTOTYPES = YES;
				CLANG_WARN_SUSPICIOUS_MOVE = YES;
				CLANG_WARN_UNGUARDED_AVAILABILITY = YES_AGGRESSIVE;
				CLANG_WARN_UNREACHABLE_CODE = YES;
				CLANG_WARN__DUPLICATE_METHOD_MATCH = YES;
				CODE_SIGN_IDENTITY = "iPhone Developer";
				COPY_PHASE_STRIP = NO;
				DEBUG_INFORMATION_FORMAT = "dwarf-with-dsym";
				ENABLE_NS_ASSERTIONS = NO;
				ENABLE_STRICT_OBJC_MSGSEND = YES;
				GCC_C_LANGUAGE_STANDARD = gnu11;
				GCC_NO_COMMON_BLOCKS = YES;
				GCC_WARN_64_TO_32_BIT_CONVERSION = YES;
				GCC_WARN_ABOUT_RETURN_TYPE = YES_ERROR;
				GCC_WARN_UNDECLARED_SELECTOR = YES;
				GCC_WARN_UNINITIALIZED_AUTOS = YES_AGGRESSIVE;
				GCC_WARN_UNUSED_FUNCTION = YES;
				GCC_WARN_UNUSED_VARIABLE = YES;
				IPHONEOS_DEPLOYMENT_TARGET = 11.2;
				MTL_ENABLE_DEBUG_INFO = NO;
				SDKROOT = iphoneos;
				SWIFT_OPTIMIZATION_LEVEL = "-Owholemodule";
				VALIDATE_PRODUCT = YES;
			};
			name = Release;
		};
		495B6C44202A414A0024CDFB /* Debug */ = {
			isa = XCBuildConfiguration;
			buildSettings = {
				ASSETCATALOG_COMPILER_APPICON_NAME = AppIcon;
				CODE_SIGN_STYLE = Automatic;
				DEVELOPMENT_TEAM = 5LUNBYMD4J;
				INFOPLIST_FILE = FeaturesDemo/Info.plist;
				LD_RUNPATH_SEARCH_PATHS = "$(inherited) @executable_path/Frameworks";
				PRODUCT_BUNDLE_IDENTIFIER = co.montanafloss.FeaturesDemo;
				PRODUCT_NAME = "$(TARGET_NAME)";
				SWIFT_VERSION = 4.0;
				TARGETED_DEVICE_FAMILY = "1,2";
			};
			name = Debug;
		};
		495B6C45202A414A0024CDFB /* Release */ = {
			isa = XCBuildConfiguration;
			buildSettings = {
				ASSETCATALOG_COMPILER_APPICON_NAME = AppIcon;
				CODE_SIGN_STYLE = Automatic;
				DEVELOPMENT_TEAM = 5LUNBYMD4J;
				INFOPLIST_FILE = FeaturesDemo/Info.plist;
				LD_RUNPATH_SEARCH_PATHS = "$(inherited) @executable_path/Frameworks";
				PRODUCT_BUNDLE_IDENTIFIER = co.montanafloss.FeaturesDemo;
				PRODUCT_NAME = "$(TARGET_NAME)";
				SWIFT_VERSION = 4.0;
				TARGETED_DEVICE_FAMILY = "1,2";
			};
			name = Release;
		};
		495B6C47202A414A0024CDFB /* Debug */ = {
			isa = XCBuildConfiguration;
			buildSettings = {
				ALWAYS_EMBED_SWIFT_STANDARD_LIBRARIES = YES;
				BUNDLE_LOADER = "$(TEST_HOST)";
				CODE_SIGN_STYLE = Automatic;
				DEVELOPMENT_TEAM = 5LUNBYMD4J;
				INFOPLIST_FILE = FeaturesDemoTests/Info.plist;
				LD_RUNPATH_SEARCH_PATHS = "$(inherited) @executable_path/Frameworks @loader_path/Frameworks";
				PRODUCT_BUNDLE_IDENTIFIER = co.montanafloss.FeaturesDemoTests;
				PRODUCT_NAME = "$(TARGET_NAME)";
				SWIFT_VERSION = 4.0;
				TARGETED_DEVICE_FAMILY = "1,2";
				TEST_HOST = "$(BUILT_PRODUCTS_DIR)/FeaturesDemo.app/FeaturesDemo";
			};
			name = Debug;
		};
		495B6C48202A414A0024CDFB /* Release */ = {
			isa = XCBuildConfiguration;
			buildSettings = {
				ALWAYS_EMBED_SWIFT_STANDARD_LIBRARIES = YES;
				BUNDLE_LOADER = "$(TEST_HOST)";
				CODE_SIGN_STYLE = Automatic;
				DEVELOPMENT_TEAM = 5LUNBYMD4J;
				INFOPLIST_FILE = FeaturesDemoTests/Info.plist;
				LD_RUNPATH_SEARCH_PATHS = "$(inherited) @executable_path/Frameworks @loader_path/Frameworks";
				PRODUCT_BUNDLE_IDENTIFIER = co.montanafloss.FeaturesDemoTests;
				PRODUCT_NAME = "$(TARGET_NAME)";
				SWIFT_VERSION = 4.0;
				TARGETED_DEVICE_FAMILY = "1,2";
				TEST_HOST = "$(BUILT_PRODUCTS_DIR)/FeaturesDemo.app/FeaturesDemo";
			};
			name = Release;
		};
/* End XCBuildConfiguration section */

/* Begin XCConfigurationList section */
		495B6C1F202A414A0024CDFB /* Build configuration list for PBXProject "FeaturesDemo" */ = {
			isa = XCConfigurationList;
			buildConfigurations = (
				495B6C41202A414A0024CDFB /* Debug */,
				495B6C42202A414A0024CDFB /* Release */,
			);
			defaultConfigurationIsVisible = 0;
			defaultConfigurationName = Release;
		};
		495B6C43202A414A0024CDFB /* Build configuration list for PBXNativeTarget "FeaturesDemo" */ = {
			isa = XCConfigurationList;
			buildConfigurations = (
				495B6C44202A414A0024CDFB /* Debug */,
				495B6C45202A414A0024CDFB /* Release */,
			);
			defaultConfigurationIsVisible = 0;
			defaultConfigurationName = Release;
		};
		495B6C46202A414A0024CDFB /* Build configuration list for PBXNativeTarget "FeaturesDemoTests" */ = {
			isa = XCConfigurationList;
			buildConfigurations = (
				495B6C47202A414A0024CDFB /* Debug */,
				495B6C48202A414A0024CDFB /* Release */,
			);
			defaultConfigurationIsVisible = 0;
			defaultConfigurationName = Release;
		};
/* End XCConfigurationList section */
	};
	rootObject = 495B6C1C202A414A0024CDFB /* Project object */;
}
